
Microsoft Visual Studio Solution File, Format Version 12.00
# Visual Studio 2017
Project("{FAE04EC0-301F-11D3-BF4B-00C04F79EFBC}") = "Salle-Bello", "Salle-Bello.csproj", "{557E655B-E555-6C9B-80BA-3E473F079C91}"
EndProject
Project("{FAE04EC0-301F-11D3-BF4B-00C04F79EFBC}") = "Salle-Bello.Editor", "Salle-Bello.Editor.csproj", "{24A61074-0A87-71BF-EDAA-D7F9A8A8A024}"
EndProject
Global
	GlobalSection(SolutionConfigurationPlatforms) = preSolution
		Debug|Any CPU = Debug|Any CPU
		Release|Any CPU = Release|Any CPU
	EndGlobalSection
	GlobalSection(ProjectConfigurationPlatforms) = postSolution
		{557E655B-E555-6C9B-80BA-3E473F079C91}.Debug|Any CPU.ActiveCfg = Debug|Any CPU
		{557E655B-E555-6C9B-80BA-3E473F079C91}.Debug|Any CPU.Build.0 = Debug|Any CPU
		{557E655B-E555-6C9B-80BA-3E473F079C91}.Release|Any CPU.ActiveCfg = Release|Any CPU
		{557E655B-E555-6C9B-80BA-3E473F079C91}.Release|Any CPU.Build.0 = Release|Any CPU
		{24A61074-0A87-71BF-EDAA-D7F9A8A8A024}.Debug|Any CPU.ActiveCfg = Debug|Any CPU
		{24A61074-0A87-71BF-EDAA-D7F9A8A8A024}.Debug|Any CPU.Build.0 = Debug|Any CPU
		{24A61074-0A87-71BF-EDAA-D7F9A8A8A024}.Release|Any CPU.ActiveCfg = Release|Any CPU
		{24A61074-0A87-71BF-EDAA-D7F9A8A8A024}.Release|Any CPU.Build.0 = Release|Any CPU
	EndGlobalSection
	GlobalSection(SolutionProperties) = preSolution
		HideSolutionNode = FALSE
	EndGlobalSection
EndGlobal
